
Microsoft Visual Studio Solution File, Format Version 12.00
# Visual Studio Version 17
VisualStudioVersion = 17.2.32630.192
MinimumVisualStudioVersion = 10.0.40219.1
Project("{FAE04EC0-301F-11D3-BF4B-00C04F79EFBC}") = "BasketItems", "BasketItems\BasketItems.csproj", "{27E4523F-CC8E-43D7-B1C0-453E7109C4C6}"
EndProject
Global
	GlobalSection(SolutionConfigurationPlatforms) = preSolution
		Debug|Any CPU = Debug|Any CPU
		Release|Any CPU = Release|Any CPU
	EndGlobalSection
	GlobalSection(ProjectConfigurationPlatforms) = postSolution
		{27E4523F-CC8E-43D7-B1C0-453E7109C4C6}.Debug|Any CPU.ActiveCfg = Debug|Any CPU
		{27E4523F-CC8E-43D7-B1C0-453E7109C4C6}.Debug|Any CPU.Build.0 = Debug|Any CPU
		{27E4523F-CC8E-43D7-B1C0-453E7109C4C6}.Release|Any CPU.ActiveCfg = Release|Any CPU
		{27E4523F-CC8E-43D7-B1C0-453E7109C4C6}.Release|Any CPU.Build.0 = Release|Any CPU
	EndGlobalSection
	GlobalSection(SolutionProperties) = preSolution
		HideSolutionNode = FALSE
	EndGlobalSection
	GlobalSection(ExtensibilityGlobals) = postSolution
		SolutionGuid = {AF2CB8FA-2540-4C0B-A194-502E47844452}
	EndGlobalSection
EndGlobal
